
Microsoft Visual Studio Solution File, Format Version 12.00
# Visual Studio Version 16
VisualStudioVersion = 16.0.29326.143
MinimumVisualStudioVersion = 10.0.40219.1
Project("{FAE04EC0-301F-11D3-BF4B-00C04F79EFBC}") = "FreelancerProjectAPI", "FreelancerProjectAPI\FreelancerProjectAPI.csproj", "{7DD63053-290B-419D-BE79-72CAFBE41F24}"
EndProject
Global
	GlobalSection(SolutionConfigurationPlatforms) = preSolution
		Debug|Any CPU = Debug|Any CPU
		Release|Any CPU = Release|Any CPU
	EndGlobalSection
	GlobalSection(ProjectConfigurationPlatforms) = postSolution
		{7DD63053-290B-419D-BE79-72CAFBE41F24}.Debug|Any CPU.ActiveCfg = Debug|Any CPU
		{7DD63053-290B-419D-BE79-72CAFBE41F24}.Debug|Any CPU.Build.0 = Debug|Any CPU
		{7DD63053-290B-419D-BE79-72CAFBE41F24}.Release|Any CPU.ActiveCfg = Release|Any CPU
		{7DD63053-290B-419D-BE79-72CAFBE41F24}.Release|Any CPU.Build.0 = Release|Any CPU
	EndGlobalSection
	GlobalSection(SolutionProperties) = preSolution
		HideSolutionNode = FALSE
	EndGlobalSection
	GlobalSection(ExtensibilityGlobals) = postSolution
		SolutionGuid = {1C785D9A-2465-4296-A322-929F4433014A}
	EndGlobalSection
EndGlobal
